// !$*UTF8*$!
{
	archiveVersion = 1;
	classes = {
	};
	objectVersion = 50;
	objects = {

/* Begin PBXBuildFile section */
		DC0373362400BC1F000181BE /* AppDelegate.swift in Sources */ = {isa = PBXBuildFile; fileRef = DC0373352400BC1F000181BE /* AppDelegate.swift */; };
		DC0373382400BC1F000181BE /* ViewController.swift in Sources */ = {isa = PBXBuildFile; fileRef = DC0373372400BC1F000181BE /* ViewController.swift */; };
		DC03733B2400BC1F000181BE /* Main.storyboard in Resources */ = {isa = PBXBuildFile; fileRef = DC0373392400BC1F000181BE /* Main.storyboard */; };
		DC03733E2400BC1F000181BE /* Movie.xcdatamodeld in Sources */ = {isa = PBXBuildFile; fileRef = DC03733C2400BC1F000181BE /* Movie.xcdatamodeld */; };
		DC0373402400BC1F000181BE /* Assets.xcassets in Resources */ = {isa = PBXBuildFile; fileRef = DC03733F2400BC1F000181BE /* Assets.xcassets */; };
		DC0373432400BC1F000181BE /* LaunchScreen.storyboard in Resources */ = {isa = PBXBuildFile; fileRef = DC0373412400BC1F000181BE /* LaunchScreen.storyboard */; };
		DC03734E2400BC1F000181BE /* MovieTests.swift in Sources */ = {isa = PBXBuildFile; fileRef = DC03734D2400BC1F000181BE /* MovieTests.swift */; };
		DC0373592400BC1F000181BE /* MovieUITests.swift in Sources */ = {isa = PBXBuildFile; fileRef = DC0373582400BC1F000181BE /* MovieUITests.swift */; };
/* End PBXBuildFile section */

/* Begin PBXContainerItemProxy section */
		DC03734A2400BC1F000181BE /* PBXContainerItemProxy */ = {
			isa = PBXContainerItemProxy;
			containerPortal = DC03732A2400BC1E000181BE /* Project object */;
			proxyType = 1;
			remoteGlobalIDString = DC0373312400BC1E000181BE;
			remoteInfo = Movie;
		};
		DC0373552400BC1F000181BE /* PBXContainerItemProxy */ = {
			isa = PBXContainerItemProxy;
			containerPortal = DC03732A2400BC1E000181BE /* Project object */;
			proxyType = 1;
			remoteGlobalIDString = DC0373312400BC1E000181BE;
			remoteInfo = Movie;
		};
/* End PBXContainerItemProxy section */

/* Begin PBXFileReference section */
		DC0373322400BC1E000181BE /* Movie.app */ = {isa = PBXFileReference; explicitFileType = wrapper.application; includeInIndex = 0; path = Movie.app; sourceTree = BUILT_PRODUCTS_DIR; };
		DC0373352400BC1F000181BE /* AppDelegate.swift */ = {isa = PBXFileReference; lastKnownFileType = sourcecode.swift; path = AppDelegate.swift; sourceTree = "<group>"; };
		DC0373372400BC1F000181BE /* ViewController.swift */ = {isa = PBXFileReference; lastKnownFileType = sourcecode.swift; path = ViewController.swift; sourceTree = "<group>"; };
		DC03733A2400BC1F000181BE /* Base */ = {isa = PBXFileReference; lastKnownFileType = file.storyboard; name = Base; path = Base.lproj/Main.storyboard; sourceTree = "<group>"; };
		DC03733D2400BC1F000181BE /* Movie.xcdatamodel */ = {isa = PBXFileReference; lastKnownFileType = wrapper.xcdatamodel; path = Movie.xcdatamodel; sourceTree = "<group>"; };
		DC03733F2400BC1F000181BE /* Assets.xcassets */ = {isa = PBXFileReference; lastKnownFileType = folder.assetcatalog; path = Assets.xcassets; sourceTree = "<group>"; };
		DC0373422400BC1F000181BE /* Base */ = {isa = PBXFileReference; lastKnownFileType = file.storyboard; name = Base; path = Base.lproj/LaunchScreen.storyboard; sourceTree = "<group>"; };
		DC0373442400BC1F000181BE /* Info.plist */ = {isa = PBXFileReference; lastKnownFileType = text.plist.xml; path = Info.plist; sourceTree = "<group>"; };
		DC0373492400BC1F000181BE /* MovieTests.xctest */ = {isa = PBXFileReference; explicitFileType = wrapper.cfbundle; includeInIndex = 0; path = MovieTests.xctest; sourceTree = BUILT_PRODUCTS_DIR; };
		DC03734D2400BC1F000181BE /* MovieTests.swift */ = {isa = PBXFileReference; lastKnownFileType = sourcecode.swift; path = MovieTests.swift; sourceTree = "<group>"; };
		DC03734F2400BC1F000181BE /* Info.plist */ = {isa = PBXFileReference; lastKnownFileType = text.plist.xml; path = Info.plist; sourceTree = "<group>"; };
		DC0373542400BC1F000181BE /* MovieUITests.xctest */ = {isa = PBXFileReference; explicitFileType = wrapper.cfbundle; includeInIndex = 0; path = MovieUITests.xctest; sourceTree = BUILT_PRODUCTS_DIR; };
		DC0373582400BC1F000181BE /* MovieUITests.swift */ = {isa = PBXFileReference; lastKnownFileType = sourcecode.swift; path = MovieUITests.swift; sourceTree = "<group>"; };
		DC03735A2400BC1F000181BE /* Info.plist */ = {isa = PBXFileReference; lastKnownFileType = text.plist.xml; path = Info.plist; sourceTree = "<group>"; };
/* End PBXFileReference section */

/* Begin PBXFrameworksBuildPhase section */
		DC03732F2400BC1E000181BE /* Frameworks */ = {
			isa = PBXFrameworksBuildPhase;
			buildActionMask = 2147483647;
			files = (
			);
			runOnlyForDeploymentPostprocessing = 0;
		};
		DC0373462400BC1F000181BE /* Frameworks */ = {
			isa = PBXFrameworksBuildPhase;
			buildActionMask = 2147483647;
			files = (
			);
			runOnlyForDeploymentPostprocessing = 0;
		};
		DC0373512400BC1F000181BE /* Frameworks */ = {
			isa = PBXFrameworksBuildPhase;
			buildActionMask = 2147483647;
			files = (
			);
			runOnlyForDeploymentPostprocessing = 0;
		};
/* End PBXFrameworksBuildPhase section */

/* Begin PBXGroup section */
		DC0373292400BC1E000181BE = {
			isa = PBXGroup;
			children = (
				DC0373342400BC1E000181BE /* Movie */,
				DC03734C2400BC1F000181BE /* MovieTests */,
				DC0373572400BC1F000181BE /* MovieUITests */,
				DC0373332400BC1E000181BE /* Products */,
			);
			sourceTree = "<group>";
		};
		DC0373332400BC1E000181BE /* Products */ = {
			isa = PBXGroup;
			children = (
				DC0373322400BC1E000181BE /* Movie.app */,
				DC0373492400BC1F000181BE /* MovieTests.xctest */,
				DC0373542400BC1F000181BE /* MovieUITests.xctest */,
			);
			name = Products;
			sourceTree = "<group>";
		};
		DC0373342400BC1E000181BE /* Movie */ = {
			isa = PBXGroup;
			children = (
				DC0373352400BC1F000181BE /* AppDelegate.swift */,
				DC0373372400BC1F000181BE /* ViewController.swift */,
				DC0373392400BC1F000181BE /* Main.storyboard */,
				DC03733F2400BC1F000181BE /* Assets.xcassets */,
				DC0373412400BC1F000181BE /* LaunchScreen.storyboard */,
				DC0373442400BC1F000181BE /* Info.plist */,
				DC03733C2400BC1F000181BE /* Movie.xcdatamodeld */,
			);
			path = Movie;
			sourceTree = "<group>";
		};
		DC03734C2400BC1F000181BE /* MovieTests */ = {
			isa = PBXGroup;
			children = (
				DC03734D2400BC1F000181BE /* MovieTests.swift */,
				DC03734F2400BC1F000181BE /* Info.plist */,
			);
			path = MovieTests;
			sourceTree = "<group>";
		};
		DC0373572400BC1F000181BE /* MovieUITests */ = {
			isa = PBXGroup;
			children = (
				DC0373582400BC1F000181BE /* MovieUITests.swift */,
				DC03735A2400BC1F000181BE /* Info.plist */,
			);
			path = MovieUITests;
			sourceTree = "<group>";
		};
/* End PBXGroup section */

/* Begin PBXNativeTarget section */
		DC0373312400BC1E000181BE /* Movie */ = {
			isa = PBXNativeTarget;
			buildConfigurationList = DC03735D2400BC1F000181BE /* Build configuration list for PBXNativeTarget "Movie" */;
			buildPhases = (
				DC03732E2400BC1E000181BE /* Sources */,
				DC03732F2400BC1E000181BE /* Frameworks */,
				DC0373302400BC1E000181BE /* Resources */,
			);
			buildRules = (
			);
			dependencies = (
			);
			name = Movie;
			productName = Movie;
			productReference = DC0373322400BC1E000181BE /* Movie.app */;
			productType = "com.apple.product-type.application";
		};
		DC0373482400BC1F000181BE /* MovieTests */ = {
			isa = PBXNativeTarget;
			buildConfigurationList = DC0373602400BC1F000181BE /* Build configuration list for PBXNativeTarget "MovieTests" */;
			buildPhases = (
				DC0373452400BC1F000181BE /* Sources */,
				DC0373462400BC1F000181BE /* Frameworks */,
				DC0373472400BC1F000181BE /* Resources */,
			);
			buildRules = (
			);
			dependencies = (
				DC03734B2400BC1F000181BE /* PBXTargetDependency */,
			);
			name = MovieTests;
			productName = MovieTests;
			productReference = DC0373492400BC1F000181BE /* MovieTests.xctest */;
			productType = "com.apple.product-type.bundle.unit-test";
		};
		DC0373532400BC1F000181BE /* MovieUITests */ = {
			isa = PBXNativeTarget;
			buildConfigurationList = DC0373632400BC1F000181BE /* Build configuration list for PBXNativeTarget "MovieUITests" */;
			buildPhases = (
				DC0373502400BC1F000181BE /* Sources */,
				DC0373512400BC1F000181BE /* Frameworks */,
				DC0373522400BC1F000181BE /* Resources */,
			);
			buildRules = (
			);
			dependencies = (
				DC0373562400BC1F000181BE /* PBXTargetDependency */,
			);
			name = MovieUITests;
			productName = MovieUITests;
			productReference = DC0373542400BC1F000181BE /* MovieUITests.xctest */;
			productType = "com.apple.product-type.bundle.ui-testing";
		};
/* End PBXNativeTarget section */

/* Begin PBXProject section */
		DC03732A2400BC1E000181BE /* Project object */ = {
			isa = PBXProject;
			attributes = {
				LastSwiftUpdateCheck = 0940;
				LastUpgradeCheck = 0940;
				ORGANIZATIONNAME = "Bai xinrui";
				TargetAttributes = {
					DC0373312400BC1E000181BE = {
						CreatedOnToolsVersion = 9.4.1;
					};
					DC0373482400BC1F000181BE = {
						CreatedOnToolsVersion = 9.4.1;
						TestTargetID = DC0373312400BC1E000181BE;
					};
					DC0373532400BC1F000181BE = {
						CreatedOnToolsVersion = 9.4.1;
						TestTargetID = DC0373312400BC1E000181BE;
					};
				};
			};
			buildConfigurationList = DC03732D2400BC1E000181BE /* Build configuration list for PBXProject "Movie" */;
			compatibilityVersion = "Xcode 9.3";
			developmentRegion = en;
			hasScannedForEncodings = 0;
			knownRegions = (
				en,
				Base,
			);
			mainGroup = DC0373292400BC1E000181BE;
			productRefGroup = DC0373332400BC1E000181BE /* Products */;
			projectDirPath = "";
			projectRoot = "";
			targets = (
				DC0373312400BC1E000181BE /* Movie */,
				DC0373482400BC1F000181BE /* MovieTests */,
				DC0373532400BC1F000181BE /* MovieUITests */,
			);
		};
/* End PBXProject section */

/* Begin PBXResourcesBuildPhase section */
		DC0373302400BC1E000181BE /* Resources */ = {
			isa = PBXResourcesBuildPhase;
			buildActionMask = 2147483647;
			files = (
				DC0373432400BC1F000181BE /* LaunchScreen.storyboard in Resources */,
				DC0373402400BC1F000181BE /* Assets.xcassets in Resources */,
				DC03733B2400BC1F000181BE /* Main.storyboard in Resources */,
			);
			runOnlyForDeploymentPostprocessing = 0;
		};
		DC0373472400BC1F000181BE /* Resources */ = {
			isa = PBXResourcesBuildPhase;
			buildActionMask = 2147483647;
			files = (
			);
			runOnlyForDeploymentPostprocessing = 0;
		};
		DC0373522400BC1F000181BE /* Resources */ = {
			isa = PBXResourcesBuildPhase;
			buildActionMask = 2147483647;
			files = (
			);
			runOnlyForDeploymentPostprocessing = 0;
		};
/* End PBXResourcesBuildPhase section */

/* Begin PBXSourcesBuildPhase section */
		DC03732E2400BC1E000181BE /* Sources */ = {
			isa = PBXSourcesBuildPhase;
			buildActionMask = 2147483647;
			files = (
				DC0373382400BC1F000181BE /* ViewController.swift in Sources */,
				DC03733E2400BC1F000181BE /* Movie.xcdatamodeld in Sources */,
				DC0373362400BC1F000181BE /* AppDelegate.swift in Sources */,
			);
			runOnlyForDeploymentPostprocessing = 0;
		};
		DC0373452400BC1F000181BE /* Sources */ = {
			isa = PBXSourcesBuildPhase;
			buildActionMask = 2147483647;
			files = (
				DC03734E2400BC1F000181BE /* MovieTests.swift in Sources */,
			);
			runOnlyForDeploymentPostprocessing = 0;
		};
		DC0373502400BC1F000181BE /* Sources */ = {
			isa = PBXSourcesBuildPhase;
			buildActionMask = 2147483647;
			files = (
				DC0373592400BC1F000181BE /* MovieUITests.swift in Sources */,
			);
			runOnlyForDeploymentPostprocessing = 0;
		};
/* End PBXSourcesBuildPhase section */

/* Begin PBXTargetDependency section */
		DC03734B2400BC1F000181BE /* PBXTargetDependency */ = {
			isa = PBXTargetDependency;
			target = DC0373312400BC1E000181BE /* Movie */;
			targetProxy = DC03734A2400BC1F000181BE /* PBXContainerItemProxy */;
		};
		DC0373562400BC1F000181BE /* PBXTargetDependency */ = {
			isa = PBXTargetDependency;
			target = DC0373312400BC1E000181BE /* Movie */;
			targetProxy = DC0373552400BC1F000181BE /* PBXContainerItemProxy */;
		};
/* End PBXTargetDependency section */

/* Begin PBXVariantGroup section */
		DC0373392400BC1F000181BE /* Main.storyboard */ = {
			isa = PBXVariantGroup;
			children = (
				DC03733A2400BC1F000181BE /* Base */,
			);
			name = Main.storyboard;
			sourceTree = "<group>";
		};
		DC0373412400BC1F000181BE /* LaunchScreen.storyboard */ = {
			isa = PBXVariantGroup;
			children = (
				DC0373422400BC1F000181BE /* Base */,
			);
			name = LaunchScreen.storyboard;
			sourceTree = "<group>";
		};
/* End PBXVariantGroup section */

/* Begin XCBuildConfiguration section */
		DC03735B2400BC1F000181BE /* Debug */ = {
			isa = XCBuildConfiguration;
			buildSettings = {
				ALWAYS_SEARCH_USER_PATHS = NO;
				CLANG_ANALYZER_NONNULL = YES;
				CLANG_ANALYZER_NUMBER_OBJECT_CONVERSION = YES_AGGRESSIVE;
				CLANG_CXX_LANGUAGE_STANDARD = "gnu++14";
				CLANG_CXX_LIBRARY = "libc++";
				CLANG_ENABLE_MODULES = YES;
				CLANG_ENABLE_OBJC_ARC = YES;
				CLANG_ENABLE_OBJC_WEAK = YES;
				CLANG_WARN_BLOCK_CAPTURE_AUTORELEASING = YES;
				CLANG_WARN_BOOL_CONVERSION = YES;
				CLANG_WARN_COMMA = YES;
				CLANG_WARN_CONSTANT_CONVERSION = YES;
				CLANG_WARN_DEPRECATED_OBJC_IMPLEMENTATIONS = YES;
				CLANG_WARN_DIRECT_OBJC_ISA_USAGE = YES_ERROR;
				CLANG_WARN_DOCUMENTATION_COMMENTS = YES;
				CLANG_WARN_EMPTY_BODY = YES;
				CLANG_WARN_ENUM_CONVERSION = YES;
				CLANG_WARN_INFINITE_RECURSION = YES;
				CLANG_WARN_INT_CONVERSION = YES;
				CLANG_WARN_NON_LITERAL_NULL_CONVERSION = YES;
				CLANG_WARN_OBJC_IMPLICIT_RETAIN_SELF = YES;
				CLANG_WARN_OBJC_LITERAL_CONVERSION = YES;
				CLANG_WARN_OBJC_ROOT_CLASS = YES_ERROR;
				CLANG_WARN_RANGE_LOOP_ANALYSIS = YES;
				CLANG_WARN_STRICT_PROTOTYPES = YES;
				CLANG_WARN_SUSPICIOUS_MOVE = YES;
				CLANG_WARN_UNGUARDED_AVAILABILITY = YES_AGGRESSIVE;
				CLANG_WARN_UNREACHABLE_CODE = YES;
				CLANG_WARN__DUPLICATE_METHOD_MATCH = YES;
				CODE_SIGN_IDENTITY = "iPhone Developer";
				COPY_PHASE_STRIP = NO;
				DEBUG_INFORMATION_FORMAT = dwarf;
				ENABLE_STRICT_OBJC_MSGSEND = YES;
				ENABLE_TESTABILITY = YES;
				GCC_C_LANGUAGE_STANDARD = gnu11;
				GCC_DYNAMIC_NO_PIC = NO;
				GCC_NO_COMMON_BLOCKS = YES;
				GCC_OPTIMIZATION_LEVEL = 0;
				GCC_PREPROCESSOR_DEFINITIONS = (
					"DEBUG=1",
					"$(inherited)",
				);
				GCC_WARN_64_TO_32_BIT_CONVERSION = YES;
				GCC_WARN_ABOUT_RETURN_TYPE = YES_ERROR;
				GCC_WARN_UNDECLARED_SELECTOR = YES;
				GCC_WARN_UNINITIALIZED_AUTOS = YES_AGGRESSIVE;
				GCC_WARN_UNUSED_FUNCTION = YES;
				GCC_WARN_UNUSED_VARIABLE = YES;
				IPHONEOS_DEPLOYMENT_TARGET = 11.4;
				MTL_ENABLE_DEBUG_INFO = YES;
				ONLY_ACTIVE_ARCH = YES;
				SDKROOT = iphoneos;
				SWIFT_ACTIVE_COMPILATION_CONDITIONS = DEBUG;
				SWIFT_OPTIMIZATION_LEVEL = "-Onone";
			};
			name = Debug;
		};
		DC03735C2400BC1F000181BE /* Release */ = {
			isa = XCBuildConfiguration;
			buildSettings = {
				ALWAYS_SEARCH_USER_PATHS = NO;
				CLANG_ANALYZER_NONNULL = YES;
				CLANG_ANALYZER_NUMBER_OBJECT_CONVERSION = YES_AGGRESSIVE;
				CLANG_CXX_LANGUAGE_STANDARD = "gnu++14";
				CLANG_CXX_LIBRARY = "libc++";
				CLANG_ENABLE_MODULES = YES;
				CLANG_ENABLE_OBJC_ARC = YES;
				CLANG_ENABLE_OBJC_WEAK = YES;
				CLANG_WARN_BLOCK_CAPTURE_AUTORELEASING = YES;
				CLANG_WARN_BOOL_CONVERSION = YES;
				CLANG_WARN_COMMA = YES;
				CLANG_WARN_CONSTANT_CONVERSION = YES;
				CLANG_WARN_DEPRECATED_OBJC_IMPLEMENTATIONS = YES;
				CLANG_WARN_DIRECT_OBJC_ISA_USAGE = YES_ERROR;
				CLANG_WARN_DOCUMENTATION_COMMENTS = YES;
				CLANG_WARN_EMPTY_BODY = YES;
				CLANG_WARN_ENUM_CONVERSION = YES;
				CLANG_WARN_INFINITE_RECURSION = YES;
				CLANG_WARN_INT_CONVERSION = YES;
				CLANG_WARN_NON_LITERAL_NULL_CONVERSION = YES;
				CLANG_WARN_OBJC_IMPLICIT_RETAIN_SELF = YES;
				CLANG_WARN_OBJC_LITERAL_CONVERSION = YES;
				CLANG_WARN_OBJC_ROOT_CLASS = YES_ERROR;
				CLANG_WARN_RANGE_LOOP_ANALYSIS = YES;
				CLANG_WARN_STRICT_PROTOTYPES = YES;
				CLANG_WARN_SUSPICIOUS_MOVE = YES;
				CLANG_WARN_UNGUARDED_AVAILABILITY = YES_AGGRESSIVE;
				CLANG_WARN_UNREACHABLE_CODE = YES;
				CLANG_WARN__DUPLICATE_METHOD_MATCH = YES;
				CODE_SIGN_IDENTITY = "iPhone Developer";
				COPY_PHASE_STRIP = NO;
				DEBUG_INFORMATION_FORMAT = "dwarf-with-dsym";
				ENABLE_NS_ASSERTIONS = NO;
				ENABLE_STRICT_OBJC_MSGSEND = YES;
				GCC_C_LANGUAGE_STANDARD = gnu11;
				GCC_NO_COMMON_BLOCKS = YES;
				GCC_WARN_64_TO_32_BIT_CONVERSION = YES;
				GCC_WARN_ABOUT_RETURN_TYPE = YES_ERROR;
				GCC_WARN_UNDECLARED_SELECTOR = YES;
				GCC_WARN_UNINITIALIZED_AUTOS = YES_AGGRESSIVE;
				GCC_WARN_UNUSED_FUNCTION = YES;
				GCC_WARN_UNUSED_VARIABLE = YES;
				IPHONEOS_DEPLOYMENT_TARGET = 11.4;
				MTL_ENABLE_DEBUG_INFO = NO;
				SDKROOT = iphoneos;
				SWIFT_COMPILATION_MODE = wholemodule;
				SWIFT_OPTIMIZATION_LEVEL = "-O";
				VALIDATE_PRODUCT = YES;
			};
			name = Release;
		};
		DC03735E2400BC1F000181BE /* Debug */ = {
			isa = XCBuildConfiguration;
			buildSettings = {
				ASSETCATALOG_COMPILER_APPICON_NAME = AppIcon;
				CODE_SIGN_STYLE = Automatic;
				INFOPLIST_FILE = Movie/Info.plist;
				LD_RUNPATH_SEARCH_PATHS = (
					"$(inherited)",
					"@executable_path/Frameworks",
				);
				PRODUCT_BUNDLE_IDENTIFIER = bryanBy.followYourHeart.Movie;
				PRODUCT_NAME = "$(TARGET_NAME)";
				SWIFT_VERSION = 4.0;
				TARGETED_DEVICE_FAMILY = "1,2";
			};
			name = Debug;
		};
		DC03735F2400BC1F000181BE /* Release */ = {
			isa = XCBuildConfiguration;
			buildSettings = {
				ASSETCATALOG_COMPILER_APPICON_NAME = AppIcon;
				CODE_SIGN_STYLE = Automatic;
				INFOPLIST_FILE = Movie/Info.plist;
				LD_RUNPATH_SEARCH_PATHS = (
					"$(inherited)",
					"@executable_path/Frameworks",
				);
				PRODUCT_BUNDLE_IDENTIFIER = bryanBy.followYourHeart.Movie;
				PRODUCT_NAME = "$(TARGET_NAME)";
				SWIFT_VERSION = 4.0;
				TARGETED_DEVICE_FAMILY = "1,2";
			};
			name = Release;
		};
		DC0373612400BC1F000181BE /* Debug */ = {
			isa = XCBuildConfiguration;
			buildSettings = {
				ALWAYS_EMBED_SWIFT_STANDARD_LIBRARIES = YES;
				BUNDLE_LOADER = "$(TEST_HOST)";
				CODE_SIGN_STYLE = Automatic;
				INFOPLIST_FILE = MovieTests/Info.plist;
				LD_RUNPATH_SEARCH_PATHS = (
					"$(inherited)",
					"@executable_path/Frameworks",
					"@loader_path/Frameworks",
				);
				PRODUCT_BUNDLE_IDENTIFIER = bryanBy.followYourHeart.MovieTests;
				PRODUCT_NAME = "$(TARGET_NAME)";
				SWIFT_VERSION = 4.0;
				TARGETED_DEVICE_FAMILY = "1,2";
				TEST_HOST = "$(BUILT_PRODUCTS_DIR)/Movie.app/Movie";
			};
			name = Debug;
		};
		DC0373622400BC1F000181BE /* Release */ = {
			isa = XCBuildConfiguration;
			buildSettings = {
				ALWAYS_EMBED_SWIFT_STANDARD_LIBRARIES = YES;
				BUNDLE_LOADER = "$(TEST_HOST)";
				CODE_SIGN_STYLE = Automatic;
				INFOPLIST_FILE = MovieTests/Info.plist;
				LD_RUNPATH_SEARCH_PATHS = (
					"$(inherited)",
					"@executable_path/Frameworks",
					"@loader_path/Frameworks",
				);
				PRODUCT_BUNDLE_IDENTIFIER = bryanBy.followYourHeart.MovieTests;
				PRODUCT_NAME = "$(TARGET_NAME)";
				SWIFT_VERSION = 4.0;
				TARGETED_DEVICE_FAMILY = "1,2";
				TEST_HOST = "$(BUILT_PRODUCTS_DIR)/Movie.app/Movie";
			};
			name = Release;
		};
		DC0373642400BC1F000181BE /* Debug */ = {
			isa = XCBuildConfiguration;
			buildSettings = {
				ALWAYS_EMBED_SWIFT_STANDARD_LIBRARIES = YES;
				CODE_SIGN_STYLE = Automatic;
				INFOPLIST_FILE = MovieUITests/Info.plist;
				LD_RUNPATH_SEARCH_PATHS = (
					"$(inherited)",
					"@executable_path/Frameworks",
					"@loader_path/Frameworks",
				);
				PRODUCT_BUNDLE_IDENTIFIER = bryanBy.followYourHeart.MovieUITests;
				PRODUCT_NAME = "$(TARGET_NAME)";
				SWIFT_VERSION = 4.0;
				TARGETED_DEVICE_FAMILY = "1,2";
				TEST_TARGET_NAME = Movie;
			};
			name = Debug;
		};
		DC0373652400BC1F000181BE /* Release */ = {
			isa = XCBuildConfiguration;
			buildSettings = {
				ALWAYS_EMBED_SWIFT_STANDARD_LIBRARIES = YES;
				CODE_SIGN_STYLE = Automatic;
				INFOPLIST_FILE = MovieUITests/Info.plist;
				LD_RUNPATH_SEARCH_PATHS = (
					"$(inherited)",
					"@executable_path/Frameworks",
					"@loader_path/Frameworks",
				);
				PRODUCT_BUNDLE_IDENTIFIER = bryanBy.followYourHeart.MovieUITests;
				PRODUCT_NAME = "$(TARGET_NAME)";
				SWIFT_VERSION = 4.0;
				TARGETED_DEVICE_FAMILY = "1,2";
				TEST_TARGET_NAME = Movie;
			};
			name = Release;
		};
/* End XCBuildConfiguration section */

/* Begin XCConfigurationList section */
		DC03732D2400BC1E000181BE /* Build configuration list for PBXProject "Movie" */ = {
			isa = XCConfigurationList;
			buildConfigurations = (
				DC03735B2400BC1F000181BE /* Debug */,
				DC03735C2400BC1F000181BE /* Release */,
			);
			defaultConfigurationIsVisible = 0;
			defaultConfigurationName = Release;
		};
		DC03735D2400BC1F000181BE /* Build configuration list for PBXNativeTarget "Movie" */ = {
			isa = XCConfigurationList;
			buildConfigurations = (
				DC03735E2400BC1F000181BE /* Debug */,
				DC03735F2400BC1F000181BE /* Release */,
			);
			defaultConfigurationIsVisible = 0;
			defaultConfigurationName = Release;
		};
		DC0373602400BC1F000181BE /* Build configuration list for PBXNativeTarget "MovieTests" */ = {
			isa = XCConfigurationList;
			buildConfigurations = (
				DC0373612400BC1F000181BE /* Debug */,
				DC0373622400BC1F000181BE /* Release */,
			);
			defaultConfigurationIsVisible = 0;
			defaultConfigurationName = Release;
		};
		DC0373632400BC1F000181BE /* Build configuration list for PBXNativeTarget "MovieUITests" */ = {
			isa = XCConfigurationList;
			buildConfigurations = (
				DC0373642400BC1F000181BE /* Debug */,
				DC0373652400BC1F000181BE /* Release */,
			);
			defaultConfigurationIsVisible = 0;
			defaultConfigurationName = Release;
		};
/* End XCConfigurationList section */

/* Begin XCVersionGroup section */
		DC03733C2400BC1F000181BE /* Movie.xcdatamodeld */ = {
			isa = XCVersionGroup;
			children = (
				DC03733D2400BC1F000181BE /* Movie.xcdatamodel */,
			);
			currentVersion = DC03733D2400BC1F000181BE /* Movie.xcdatamodel */;
			path = Movie.xcdatamodeld;
			sourceTree = "<group>";
			versionGroupType = wrapper.xcdatamodel;
		};
/* End XCVersionGroup section */
	};
	rootObject = DC03732A2400BC1E000181BE /* Project object */;
}
